# THIS IS AN AUTOGENERATED FILE. DO NOT EDIT THIS FILE DIRECTLY.
# yarn lockfile v1


"@esbuild/android-arm64@0.17.12":
  version "0.17.12"
  resolved "https://registry.yarnpkg.com/@esbuild/android-arm64/-/android-arm64-0.17.12.tgz#15a8e2b407d03989b899e325151dc2e96d19c620"
  integrity sha512-WQ9p5oiXXYJ33F2EkE3r0FRDFVpEdcDiwNX3u7Xaibxfx6vQE0Sb8ytrfQsA5WO6kDn6mDfKLh6KrPBjvkk7xA==

"@esbuild/android-arm64@0.17.14":
  version "0.17.14"
  resolved "https://registry.yarnpkg.com/@esbuild/android-arm64/-/android-arm64-0.17.14.tgz#4624cea3c8941c91f9e9c1228f550d23f1cef037"
  integrity sha512-eLOpPO1RvtsP71afiFTvS7tVFShJBCT0txiv/xjFBo5a7R7Gjw7X0IgIaFoLKhqXYAXhahoXm7qAmRXhY4guJg==

"@esbuild/android-arm@0.17.12":
  version "0.17.12"
  resolved "https://registry.yarnpkg.com/@esbuild/android-arm/-/android-arm-0.17.12.tgz#677a09297e1f4f37aba7b4fc4f31088b00484985"
  integrity sha512-E/sgkvwoIfj4aMAPL2e35VnUJspzVYl7+M1B2cqeubdBhADV4uPon0KCc8p2G+LqSJ6i8ocYPCqY3A4GGq0zkQ==

"@esbuild/android-arm@0.17.14":
  version "0.17.14"
  resolved "https://registry.yarnpkg.com/@esbuild/android-arm/-/android-arm-0.17.14.tgz#74fae60fcab34c3f0e15cb56473a6091ba2b53a6"
  integrity sha512-0CnlwnjDU8cks0yJLXfkaU/uoLyRf9VZJs4p1PskBr2AlAHeEsFEwJEo0of/Z3g+ilw5mpyDwThlxzNEIxOE4g==

"@esbuild/android-x64@0.17.12":
  version "0.17.12"
  resolved "https://registry.yarnpkg.com/@esbuild/android-x64/-/android-x64-0.17.12.tgz#b292729eef4e0060ae1941f6a021c4d2542a3521"
  integrity sha512-m4OsaCr5gT+se25rFPHKQXARMyAehHTQAz4XX1Vk3d27VtqiX0ALMBPoXZsGaB6JYryCLfgGwUslMqTfqeLU0w==

"@esbuild/android-x64@0.17.14":
  version "0.17.14"
  resolved "https://registry.yarnpkg.com/@esbuild/android-x64/-/android-x64-0.17.14.tgz#f002fbc08d5e939d8314bd23bcfb1e95d029491f"
  integrity sha512-nrfQYWBfLGfSGLvRVlt6xi63B5IbfHm3tZCdu/82zuFPQ7zez4XjmRtF/wIRYbJQ/DsZrxJdEvYFE67avYXyng==

"@esbuild/darwin-arm64@0.17.12":
  version "0.17.12"
  resolved "https://registry.yarnpkg.com/@esbuild/darwin-arm64/-/darwin-arm64-0.17.12.tgz#efa35318df931da05825894e1787b976d55adbe3"
  integrity sha512-O3GCZghRIx+RAN0NDPhyyhRgwa19MoKlzGonIb5hgTj78krqp9XZbYCvFr9N1eUxg0ZQEpiiZ4QvsOQwBpP+lg==

"@esbuild/darwin-arm64@0.17.14":
  version "0.17.14"
  resolved "https://registry.yarnpkg.com/@esbuild/darwin-arm64/-/darwin-arm64-0.17.14.tgz#b8dcd79a1dd19564950b4ca51d62999011e2e168"
  integrity sha512-eoSjEuDsU1ROwgBH/c+fZzuSyJUVXQTOIN9xuLs9dE/9HbV/A5IqdXHU1p2OfIMwBwOYJ9SFVGGldxeRCUJFyw==

"@esbuild/darwin-x64@0.17.12":
  version "0.17.12"
  resolved "https://registry.yarnpkg.com/@esbuild/darwin-x64/-/darwin-x64-0.17.12.tgz#e7b54bb3f6dc81aadfd0485cd1623c648157e64d"
  integrity sha512-5D48jM3tW27h1qjaD9UNRuN+4v0zvksqZSPZqeSWggfMlsVdAhH3pwSfQIFJwcs9QJ9BRibPS4ViZgs3d2wsCA==

"@esbuild/darwin-x64@0.17.14":
  version "0.17.14"
  resolved "https://registry.yarnpkg.com/@esbuild/darwin-x64/-/darwin-x64-0.17.14.tgz#4b49f195d9473625efc3c773fc757018f2c0d979"
  integrity sha512-zN0U8RWfrDttdFNkHqFYZtOH8hdi22z0pFm0aIJPsNC4QQZv7je8DWCX5iA4Zx6tRhS0CCc0XC2m7wKsbWEo5g==

"@esbuild/freebsd-arm64@0.17.12":
  version "0.17.12"
  resolved "https://registry.yarnpkg.com/@esbuild/freebsd-arm64/-/freebsd-arm64-0.17.12.tgz#99a18a8579d6299c449566fe91d9b6a54cf2a591"
  integrity sha512-OWvHzmLNTdF1erSvrfoEBGlN94IE6vCEaGEkEH29uo/VoONqPnoDFfShi41Ew+yKimx4vrmmAJEGNoyyP+OgOQ==

"@esbuild/freebsd-arm64@0.17.14":
  version "0.17.14"
  resolved "https://registry.yarnpkg.com/@esbuild/freebsd-arm64/-/freebsd-arm64-0.17.14.tgz#480923fd38f644c6342c55e916cc7c231a85eeb7"
  integrity sha512-z0VcD4ibeZWVQCW1O7szaLxGsx54gcCnajEJMdYoYjLiq4g1jrP2lMq6pk71dbS5+7op/L2Aod+erw+EUr28/A==

"@esbuild/freebsd-x64@0.17.12":
  version "0.17.12"
  resolved "https://registry.yarnpkg.com/@esbuild/freebsd-x64/-/freebsd-x64-0.17.12.tgz#0e090190fede307fb4022f671791a50dd5121abd"
  integrity sha512-A0Xg5CZv8MU9xh4a+7NUpi5VHBKh1RaGJKqjxe4KG87X+mTjDE6ZvlJqpWoeJxgfXHT7IMP9tDFu7IZ03OtJAw==

"@esbuild/freebsd-x64@0.17.14":
  version "0.17.14"
  resolved "https://registry.yarnpkg.com/@esbuild/freebsd-x64/-/freebsd-x64-0.17.14.tgz#a6b6b01954ad8562461cb8a5e40e8a860af69cbe"
  integrity sha512-hd9mPcxfTgJlolrPlcXkQk9BMwNBvNBsVaUe5eNUqXut6weDQH8whcNaKNF2RO8NbpT6GY8rHOK2A9y++s+ehw==

"@esbuild/linux-arm64@0.17.12":
  version "0.17.12"
  resolved "https://registry.yarnpkg.com/@esbuild/linux-arm64/-/linux-arm64-0.17.12.tgz#7fe2a69f8a1a7153fa2b0f44aabcadb59475c7e0"
  integrity sha512-cK3AjkEc+8v8YG02hYLQIQlOznW+v9N+OI9BAFuyqkfQFR+DnDLhEM5N8QRxAUz99cJTo1rLNXqRrvY15gbQUg==

"@esbuild/linux-arm64@0.17.14":
  version "0.17.14"
  resolved "https://registry.yarnpkg.com/@esbuild/linux-arm64/-/linux-arm64-0.17.14.tgz#1fe2f39f78183b59f75a4ad9c48d079916d92418"
  integrity sha512-FhAMNYOq3Iblcj9i+K0l1Fp/MHt+zBeRu/Qkf0LtrcFu3T45jcwB6A1iMsemQ42vR3GBhjNZJZTaCe3VFPbn9g==

"@esbuild/linux-arm@0.17.12":
  version "0.17.12"
  resolved "https://registry.yarnpkg.com/@esbuild/linux-arm/-/linux-arm-0.17.12.tgz#b87c76ebf1fe03e01fd6bb5cfc2f3c5becd5ee93"
  integrity sha512-WsHyJ7b7vzHdJ1fv67Yf++2dz3D726oO3QCu8iNYik4fb5YuuReOI9OtA+n7Mk0xyQivNTPbl181s+5oZ38gyA==

"@esbuild/linux-arm@0.17.14":
  version "0.17.14"
  resolved "https://registry.yarnpkg.com/@esbuild/linux-arm/-/linux-arm-0.17.14.tgz#18d594a49b64e4a3a05022c005cb384a58056a2a"
  integrity sha512-BNTl+wSJ1omsH8s3TkQmIIIQHwvwJrU9u1ggb9XU2KTVM4TmthRIVyxSp2qxROJHhZuW/r8fht46/QE8hU8Qvg==

"@esbuild/linux-ia32@0.17.12":
  version "0.17.12"
  resolved "https://registry.yarnpkg.com/@esbuild/linux-ia32/-/linux-ia32-0.17.12.tgz#9e9357090254524d32e6708883a47328f3037858"
  integrity sha512-jdOBXJqcgHlah/nYHnj3Hrnl9l63RjtQ4vn9+bohjQPI2QafASB5MtHAoEv0JQHVb/xYQTFOeuHnNYE1zF7tYw==

"@esbuild/linux-ia32@0.17.14":
  version "0.17.14"
  resolved "https://registry.yarnpkg.com/@esbuild/linux-ia32/-/linux-ia32-0.17.14.tgz#f7f0182a9cfc0159e0922ed66c805c9c6ef1b654"
  integrity sha512-91OK/lQ5y2v7AsmnFT+0EyxdPTNhov3y2CWMdizyMfxSxRqHazXdzgBKtlmkU2KYIc+9ZK3Vwp2KyXogEATYxQ==

"@esbuild/linux-loong64@0.17.12":
  version "0.17.12"
  resolved "https://registry.yarnpkg.com/@esbuild/linux-loong64/-/linux-loong64-0.17.12.tgz#9deb605f9e2c82f59412ddfefb4b6b96d54b5b5b"
  integrity sha512-GTOEtj8h9qPKXCyiBBnHconSCV9LwFyx/gv3Phw0pa25qPYjVuuGZ4Dk14bGCfGX3qKF0+ceeQvwmtI+aYBbVA==

"@esbuild/linux-loong64@0.17.14":
  version "0.17.14"
  resolved "https://registry.yarnpkg.com/@esbuild/linux-loong64/-/linux-loong64-0.17.14.tgz#5f5305fdffe2d71dd9a97aa77d0c99c99409066f"
  integrity sha512-vp15H+5NR6hubNgMluqqKza85HcGJgq7t6rMH7O3Y6ApiOWPkvW2AJfNojUQimfTp6OUrACUXfR4hmpcENXoMQ==

"@esbuild/linux-mips64el@0.17.12":
  version "0.17.12"
  resolved "https://registry.yarnpkg.com/@esbuild/linux-mips64el/-/linux-mips64el-0.17.12.tgz#6ef170b974ddf5e6acdfa5b05f22b6e9dfd2b003"
  integrity sha512-o8CIhfBwKcxmEENOH9RwmUejs5jFiNoDw7YgS0EJTF6kgPgcqLFjgoc5kDey5cMHRVCIWc6kK2ShUePOcc7RbA==

"@esbuild/linux-mips64el@0.17.14":
  version "0.17.14"
  resolved "https://registry.yarnpkg.com/@esbuild/linux-mips64el/-/linux-mips64el-0.17.14.tgz#a602e85c51b2f71d2aedfe7f4143b2f92f97f3f5"
  integrity sha512-90TOdFV7N+fgi6c2+GO9ochEkmm9kBAKnuD5e08GQMgMINOdOFHuYLPQ91RYVrnWwQ5683sJKuLi9l4SsbJ7Hg==

"@esbuild/linux-ppc64@0.17.12":
  version "0.17.12"
  resolved "https://registry.yarnpkg.com/@esbuild/linux-ppc64/-/linux-ppc64-0.17.12.tgz#1638d3d4acf1d34aaf37cf8908c2e1cefed16204"
  integrity sha512-biMLH6NR/GR4z+ap0oJYb877LdBpGac8KfZoEnDiBKd7MD/xt8eaw1SFfYRUeMVx519kVkAOL2GExdFmYnZx3A==

"@esbuild/linux-ppc64@0.17.14":
  version "0.17.14"
  resolved "https://registry.yarnpkg.com/@esbuild/linux-ppc64/-/linux-ppc64-0.17.14.tgz#32d918d782105cbd9345dbfba14ee018b9c7afdf"
  integrity sha512-NnBGeoqKkTugpBOBZZoktQQ1Yqb7aHKmHxsw43NddPB2YWLAlpb7THZIzsRsTr0Xw3nqiPxbA1H31ZMOG+VVPQ==

"@esbuild/linux-riscv64@0.17.12":
  version "0.17.12"
  resolved "https://registry.yarnpkg.com/@esbuild/linux-riscv64/-/linux-riscv64-0.17.12.tgz#135b6e9270a8e2de2b9094bb21a287517df520ef"
  integrity sha512-jkphYUiO38wZGeWlfIBMB72auOllNA2sLfiZPGDtOBb1ELN8lmqBrlMiucgL8awBw1zBXN69PmZM6g4yTX84TA==

"@esbuild/linux-riscv64@0.17.14":
  version "0.17.14"
  resolved "https://registry.yarnpkg.com/@esbuild/linux-riscv64/-/linux-riscv64-0.17.14.tgz#38612e7b6c037dff7022c33f49ca17f85c5dec58"
  integrity sha512-0qdlKScLXA8MGVy21JUKvMzCYWovctuP8KKqhtE5A6IVPq4onxXhSuhwDd2g5sRCzNDlDjitc5sX31BzDoL5Fw==

"@esbuild/linux-s390x@0.17.12":
  version "0.17.12"
  resolved "https://registry.yarnpkg.com/@esbuild/linux-s390x/-/linux-s390x-0.17.12.tgz#21e40830770c5d08368e300842bde382ce97d615"
  integrity sha512-j3ucLdeY9HBcvODhCY4b+Ds3hWGO8t+SAidtmWu/ukfLLG/oYDMaA+dnugTVAg5fnUOGNbIYL9TOjhWgQB8W5g==

"@esbuild/linux-s390x@0.17.14":
  version "0.17.14"
  resolved "https://registry.yarnpkg.com/@esbuild/linux-s390x/-/linux-s390x-0.17.14.tgz#4397dff354f899e72fd035d72af59a700c465ccb"
  integrity sha512-Hdm2Jo1yaaOro4v3+6/zJk6ygCqIZuSDJHdHaf8nVH/tfOuoEX5Riv03Ka15LmQBYJObUTNS1UdyoMk0WUn9Ww==

"@esbuild/linux-x64@0.17.12":
  version "0.17.12"
  resolved "https://registry.yarnpkg.com/@esbuild/linux-x64/-/linux-x64-0.17.12.tgz#76c1c199871d48e1aaa47a762fb9e0dca52e1f7a"
  integrity sha512-uo5JL3cgaEGotaqSaJdRfFNSCUJOIliKLnDGWaVCgIKkHxwhYMm95pfMbWZ9l7GeW9kDg0tSxcy9NYdEtjwwmA==

"@esbuild/linux-x64@0.17.14":
  version "0.17.14"
  resolved "https://registry.yarnpkg.com/@esbuild/linux-x64/-/linux-x64-0.17.14.tgz#6c5cb99891b6c3e0c08369da3ef465e8038ad9c2"
  integrity sha512-8KHF17OstlK4DuzeF/KmSgzrTWQrkWj5boluiiq7kvJCiQVzUrmSkaBvcLB2UgHpKENO2i6BthPkmUhNDaJsVw==

"@esbuild/netbsd-x64@0.17.12":
  version "0.17.12"
  resolved "https://registry.yarnpkg.com/@esbuild/netbsd-x64/-/netbsd-x64-0.17.12.tgz#c7c3b3017a4b938c76c35f66af529baf62eac527"
  integrity sha512-DNdoRg8JX+gGsbqt2gPgkgb00mqOgOO27KnrWZtdABl6yWTST30aibGJ6geBq3WM2TIeW6COs5AScnC7GwtGPg==

"@esbuild/netbsd-x64@0.17.14":
  version "0.17.14"
  resolved "https://registry.yarnpkg.com/@esbuild/netbsd-x64/-/netbsd-x64-0.17.14.tgz#5fa5255a64e9bf3947c1b3bef5e458b50b211994"
  integrity sha512-nVwpqvb3yyXztxIT2+VsxJhB5GCgzPdk1n0HHSnchRAcxqKO6ghXwHhJnr0j/B+5FSyEqSxF4q03rbA2fKXtUQ==

"@esbuild/openbsd-x64@0.17.12":
  version "0.17.12"
  resolved "https://registry.yarnpkg.com/@esbuild/openbsd-x64/-/openbsd-x64-0.17.12.tgz#05d04217d980e049001afdbeacbb58d31bb5cefb"
  integrity sha512-aVsENlr7B64w8I1lhHShND5o8cW6sB9n9MUtLumFlPhG3elhNWtE7M1TFpj3m7lT3sKQUMkGFjTQBrvDDO1YWA==

"@esbuild/openbsd-x64@0.17.14":
  version "0.17.14"
  resolved "https://registry.yarnpkg.com/@esbuild/openbsd-x64/-/openbsd-x64-0.17.14.tgz#74d14c79dcb6faf446878cc64284aa4e02f5ca6f"
  integrity sha512-1RZ7uQQ9zcy/GSAJL1xPdN7NDdOOtNEGiJalg/MOzeakZeTrgH/DoCkbq7TaPDiPhWqnDF+4bnydxRqQD7il6g==

"@esbuild/sunos-x64@0.17.12":
  version "0.17.12"
  resolved "https://registry.yarnpkg.com/@esbuild/sunos-x64/-/sunos-x64-0.17.12.tgz#cf3862521600e4eb6c440ec3bad31ed40fb87ef3"
  integrity sha512-qbHGVQdKSwi0JQJuZznS4SyY27tYXYF0mrgthbxXrZI3AHKuRvU+Eqbg/F0rmLDpW/jkIZBlCO1XfHUBMNJ1pg==

"@esbuild/sunos-x64@0.17.14":
  version "0.17.14"
  resolved "https://registry.yarnpkg.com/@esbuild/sunos-x64/-/sunos-x64-0.17.14.tgz#5c7d1c7203781d86c2a9b2ff77bd2f8036d24cfa"
  integrity sha512-nqMjDsFwv7vp7msrwWRysnM38Sd44PKmW8EzV01YzDBTcTWUpczQg6mGao9VLicXSgW/iookNK6AxeogNVNDZA==

"@esbuild/win32-arm64@0.17.12":
  version "0.17.12"
  resolved "https://registry.yarnpkg.com/@esbuild/win32-arm64/-/win32-arm64-0.17.12.tgz#43dd7fb5be77bf12a1550355ab2b123efd60868e"
  integrity sha512-zsCp8Ql+96xXTVTmm6ffvoTSZSV2B/LzzkUXAY33F/76EajNw1m+jZ9zPfNJlJ3Rh4EzOszNDHsmG/fZOhtqDg==

"@esbuild/win32-arm64@0.17.14":
  version "0.17.14"
  resolved "https://registry.yarnpkg.com/@esbuild/win32-arm64/-/win32-arm64-0.17.14.tgz#dc36ed84f1390e73b6019ccf0566c80045e5ca3d"
  integrity sha512-xrD0mccTKRBBIotrITV7WVQAwNJ5+1va6L0H9zN92v2yEdjfAN7864cUaZwJS7JPEs53bDTzKFbfqVlG2HhyKQ==

"@esbuild/win32-ia32@0.17.12":
  version "0.17.12"
  resolved "https://registry.yarnpkg.com/@esbuild/win32-ia32/-/win32-ia32-0.17.12.tgz#9940963d0bff4ea3035a84e2b4c6e41c5e6296eb"
  integrity sha512-FfrFjR4id7wcFYOdqbDfDET3tjxCozUgbqdkOABsSFzoZGFC92UK7mg4JKRc/B3NNEf1s2WHxJ7VfTdVDPN3ng==

"@esbuild/win32-ia32@0.17.14":
  version "0.17.14"
  resolved "https://registry.yarnpkg.com/@esbuild/win32-ia32/-/win32-ia32-0.17.14.tgz#0802a107afa9193c13e35de15a94fe347c588767"
  integrity sha512-nXpkz9bbJrLLyUTYtRotSS3t5b+FOuljg8LgLdINWFs3FfqZMtbnBCZFUmBzQPyxqU87F8Av+3Nco/M3hEcu1w==

"@esbuild/win32-x64@0.17.12":
  version "0.17.12"
  resolved "https://registry.yarnpkg.com/@esbuild/win32-x64/-/win32-x64-0.17.12.tgz#3a11d13e9a5b0c05db88991b234d8baba1f96487"
  integrity sha512-JOOxw49BVZx2/5tW3FqkdjSD/5gXYeVGPDcB0lvap0gLQshkh1Nyel1QazC+wNxus3xPlsYAgqU1BUmrmCvWtw==

"@esbuild/win32-x64@0.17.14":
  version "0.17.14"
  resolved "https://registry.yarnpkg.com/@esbuild/win32-x64/-/win32-x64-0.17.14.tgz#e81fb49de05fed91bf74251c9ca0343f4fc77d31"
  integrity sha512-gPQmsi2DKTaEgG14hc3CHXHp62k8g6qr0Pas+I4lUxRMugGSATh/Bi8Dgusoz9IQ0IfdrvLpco6kujEIBoaogA==

"@types/node@^18.15.10":
  version "18.15.10"
  resolved "https://registry.yarnpkg.com/@types/node/-/node-18.15.10.tgz#4ee2171c3306a185d1208dad5f44dae3dee4cfe3"
  integrity sha512-9avDaQJczATcXgfmMAW3MIWArOO7A+m90vuCFLr8AotWf8igO/mRoYukrk2cqZVtv38tHs33retzHEilM7FpeQ==

broken-string@^0.0.11:
  version "0.0.11"
  resolved "https://registry.yarnpkg.com/broken-string/-/broken-string-0.0.11.tgz#2f1d739efb8015ef27f0bb9d511cebe7d4788dd7"
  integrity sha512-EXj8S2dxvsPrqI53da3E/JmVyc499HxM/ZymU9YMWlyCFQbP2nT1OkX8E++D9UxdTxKiiRWRC43sqUGCfSsH5Q==
  dependencies:
    "@types/node" "^18.15.10"
    commander "^10.0.0"
    esbuild "0.17.12"
    react "^18.2.0"
    react-dom "^18.2.0"

commander@^10.0.0:
  version "10.0.0"
  resolved "https://registry.yarnpkg.com/commander/-/commander-10.0.0.tgz#71797971162cd3cf65f0b9d24eb28f8d303acdf1"
  integrity sha512-zS5PnTI22FIRM6ylNW8G4Ap0IEOyk62fhLSD0+uHRT9McRCLGpkVNvao4bjimpK/GShynyQkFFxHhwMcETmduA==

esbuild@0.17.12:
  version "0.17.12"
  resolved "https://registry.yarnpkg.com/esbuild/-/esbuild-0.17.12.tgz#2ad7523bf1bc01881e9d904bc04e693bd3bdcf2f"
  integrity sha512-bX/zHl7Gn2CpQwcMtRogTTBf9l1nl+H6R8nUbjk+RuKqAE3+8FDulLA+pHvX7aA7Xe07Iwa+CWvy9I8Y2qqPKQ==
  optionalDependencies:
    "@esbuild/android-arm" "0.17.12"
    "@esbuild/android-arm64" "0.17.12"
    "@esbuild/android-x64" "0.17.12"
    "@esbuild/darwin-arm64" "0.17.12"
    "@esbuild/darwin-x64" "0.17.12"
    "@esbuild/freebsd-arm64" "0.17.12"
    "@esbuild/freebsd-x64" "0.17.12"
    "@esbuild/linux-arm" "0.17.12"
    "@esbuild/linux-arm64" "0.17.12"
    "@esbuild/linux-ia32" "0.17.12"
    "@esbuild/linux-loong64" "0.17.12"
    "@esbuild/linux-mips64el" "0.17.12"
    "@esbuild/linux-ppc64" "0.17.12"
    "@esbuild/linux-riscv64" "0.17.12"
    "@esbuild/linux-s390x" "0.17.12"
    "@esbuild/linux-x64" "0.17.12"
    "@esbuild/netbsd-x64" "0.17.12"
    "@esbuild/openbsd-x64" "0.17.12"
    "@esbuild/sunos-x64" "0.17.12"
    "@esbuild/win32-arm64" "0.17.12"
    "@esbuild/win32-ia32" "0.17.12"
    "@esbuild/win32-x64" "0.17.12"

esbuild@^0.17.14:
  version "0.17.14"
  resolved "https://registry.yarnpkg.com/esbuild/-/esbuild-0.17.14.tgz#d61a22de751a3133f3c6c7f9c1c3e231e91a3245"
  integrity sha512-vOO5XhmVj/1XQR9NQ1UPq6qvMYL7QFJU57J5fKBKBKxp17uDt5PgxFDb4A2nEiXhr1qQs4x0F5+66hVVw4ruNw==
  optionalDependencies:
    "@esbuild/android-arm" "0.17.14"
    "@esbuild/android-arm64" "0.17.14"
    "@esbuild/android-x64" "0.17.14"
    "@esbuild/darwin-arm64" "0.17.14"
    "@esbuild/darwin-x64" "0.17.14"
    "@esbuild/freebsd-arm64" "0.17.14"
    "@esbuild/freebsd-x64" "0.17.14"
    "@esbuild/linux-arm" "0.17.14"
    "@esbuild/linux-arm64" "0.17.14"
    "@esbuild/linux-ia32" "0.17.14"
    "@esbuild/linux-loong64" "0.17.14"
    "@esbuild/linux-mips64el" "0.17.14"
    "@esbuild/linux-ppc64" "0.17.14"
    "@esbuild/linux-riscv64" "0.17.14"
    "@esbuild/linux-s390x" "0.17.14"
    "@esbuild/linux-x64" "0.17.14"
    "@esbuild/netbsd-x64" "0.17.14"
    "@esbuild/openbsd-x64" "0.17.14"
    "@esbuild/sunos-x64" "0.17.14"
    "@esbuild/win32-arm64" "0.17.14"
    "@esbuild/win32-ia32" "0.17.14"
    "@esbuild/win32-x64" "0.17.14"

"js-tokens@^3.0.0 || ^4.0.0":
  version "4.0.0"
  resolved "https://registry.yarnpkg.com/js-tokens/-/js-tokens-4.0.0.tgz#19203fb59991df98e3a287050d4647cdeaf32499"
  integrity sha512-RdJUflcE3cUzKiMqQgsCu06FPu9UdIJO0beYbPhHN4k6apgJtifcoCtT9bcxOpYBtpD2kCM6Sbzg4CausW/PKQ==

loose-envify@^1.1.0:
  version "1.4.0"
  resolved "https://registry.yarnpkg.com/loose-envify/-/loose-envify-1.4.0.tgz#71ee51fa7be4caec1a63839f7e682d8132d30caf"
  integrity sha512-lyuxPGr/Wfhrlem2CL/UcnUc1zcqKAImBDzukY7Y5F/yQiNdko6+fRLevlw1HgMySw7f611UIY408EtxRSoK3Q==
  dependencies:
    js-tokens "^3.0.0 || ^4.0.0"

react-dom@^18.2.0:
  version "18.2.0"
  resolved "https://registry.yarnpkg.com/react-dom/-/react-dom-18.2.0.tgz#22aaf38708db2674ed9ada224ca4aa708d821e3d"
  integrity sha512-6IMTriUmvsjHUjNtEDudZfuDQUoWXVxKHhlEGSk81n4YFS+r/Kl99wXiwlVXtPBtJenozv2P+hxDsw9eA7Xo6g==
  dependencies:
    loose-envify "^1.1.0"
    scheduler "^0.23.0"

react@^18.2.0:
  version "18.2.0"
  resolved "https://registry.yarnpkg.com/react/-/react-18.2.0.tgz#555bd98592883255fa00de14f1151a917b5d77d5"
  integrity sha512-/3IjMdb2L9QbBdWiW5e3P2/npwMBaU9mHCSCUzNln0ZCYbcfTsGbTJrU/kGemdH2IWmB2ioZ+zkxtmq6g09fGQ==
  dependencies:
    loose-envify "^1.1.0"

scheduler@^0.23.0:
  version "0.23.0"
  resolved "https://registry.yarnpkg.com/scheduler/-/scheduler-0.23.0.tgz#ba8041afc3d30eb206a487b6b384002e4e61fdfe"
  integrity sha512-CtuThmgHNg7zIZWAXi3AsyIzA3n4xx7aNyjwC2VJldO2LMVDhFK+63xGqq6CsJH4rTAt6/M+N4GhZiDYPx9eUw==
  dependencies:
    loose-envify "^1.1.0"
